// !$*UTF8*$!
{
	archiveVersion = 1;
	classes = {
	};
	objectVersion = 46;
	objects = {

/* Begin PBXBuildFile section */
		834855991B836B1A007C4ADC /* AppDelegate.swift in Sources */ = {isa = PBXBuildFile; fileRef = 834855981B836B1A007C4ADC /* AppDelegate.swift */; };
		8348559B1B836B1A007C4ADC /* ViewController.swift in Sources */ = {isa = PBXBuildFile; fileRef = 8348559A1B836B1A007C4ADC /* ViewController.swift */; };
		8348559E1B836B1A007C4ADC /* Main.storyboard in Resources */ = {isa = PBXBuildFile; fileRef = 8348559C1B836B1A007C4ADC /* Main.storyboard */; };
		834855A01B836B1B007C4ADC /* Images.xcassets in Resources */ = {isa = PBXBuildFile; fileRef = 8348559F1B836B1B007C4ADC /* Images.xcassets */; };
		834855A31B836B1B007C4ADC /* LaunchScreen.xib in Resources */ = {isa = PBXBuildFile; fileRef = 834855A11B836B1B007C4ADC /* LaunchScreen.xib */; };
		834855AF1B836B1B007C4ADC /* StormyTests.swift in Sources */ = {isa = PBXBuildFile; fileRef = 834855AE1B836B1B007C4ADC /* StormyTests.swift */; };
		834855E91B836E77007C4ADC /* CurrentWeather.plist in Resources */ = {isa = PBXBuildFile; fileRef = 834855E81B836E77007C4ADC /* CurrentWeather.plist */; };
		834855EB1B836F07007C4ADC /* CurrentWeather.swift in Sources */ = {isa = PBXBuildFile; fileRef = 834855EA1B836F07007C4ADC /* CurrentWeather.swift */; };
		83D64ECD1B83B26E0039248E /* NetworkOperation.swift in Sources */ = {isa = PBXBuildFile; fileRef = 83D64ECC1B83B26E0039248E /* NetworkOperation.swift */; };
		83D64ECF1B83BD4C0039248E /* ForecastService.swift in Sources */ = {isa = PBXBuildFile; fileRef = 83D64ECE1B83BD4C0039248E /* ForecastService.swift */; };
/* End PBXBuildFile section */

/* Begin PBXContainerItemProxy section */
		834855A91B836B1B007C4ADC /* PBXContainerItemProxy */ = {
			isa = PBXContainerItemProxy;
			containerPortal = 8348558B1B836B1A007C4ADC /* Project object */;
			proxyType = 1;
			remoteGlobalIDString = 834855921B836B1A007C4ADC;
			remoteInfo = Stormy;
		};
/* End PBXContainerItemProxy section */

/* Begin PBXFileReference section */
		834855931B836B1A007C4ADC /* Stormy.app */ = {isa = PBXFileReference; explicitFileType = wrapper.application; includeInIndex = 0; path = Stormy.app; sourceTree = BUILT_PRODUCTS_DIR; };
		834855971B836B1A007C4ADC /* Info.plist */ = {isa = PBXFileReference; lastKnownFileType = text.plist.xml; path = Info.plist; sourceTree = "<group>"; };
		834855981B836B1A007C4ADC /* AppDelegate.swift */ = {isa = PBXFileReference; lastKnownFileType = sourcecode.swift; path = AppDelegate.swift; sourceTree = "<group>"; };
		8348559A1B836B1A007C4ADC /* ViewController.swift */ = {isa = PBXFileReference; lastKnownFileType = sourcecode.swift; path = ViewController.swift; sourceTree = "<group>"; };
		8348559D1B836B1A007C4ADC /* Base */ = {isa = PBXFileReference; lastKnownFileType = file.storyboard; name = Base; path = Base.lproj/Main.storyboard; sourceTree = "<group>"; };
		8348559F1B836B1B007C4ADC /* Images.xcassets */ = {isa = PBXFileReference; lastKnownFileType = folder.assetcatalog; path = Images.xcassets; sourceTree = "<group>"; };
		834855A21B836B1B007C4ADC /* Base */ = {isa = PBXFileReference; lastKnownFileType = file.xib; name = Base; path = Base.lproj/LaunchScreen.xib; sourceTree = "<group>"; };
		834855A81B836B1B007C4ADC /* StormyTests.xctest */ = {isa = PBXFileReference; explicitFileType = wrapper.cfbundle; includeInIndex = 0; path = StormyTests.xctest; sourceTree = BUILT_PRODUCTS_DIR; };
		834855AD1B836B1B007C4ADC /* Info.plist */ = {isa = PBXFileReference; lastKnownFileType = text.plist.xml; path = Info.plist; sourceTree = "<group>"; };
		834855AE1B836B1B007C4ADC /* StormyTests.swift */ = {isa = PBXFileReference; lastKnownFileType = sourcecode.swift; path = StormyTests.swift; sourceTree = "<group>"; };
		834855E81B836E77007C4ADC /* CurrentWeather.plist */ = {isa = PBXFileReference; fileEncoding = 4; lastKnownFileType = text.plist.xml; path = CurrentWeather.plist; sourceTree = "<group>"; };
		834855EA1B836F07007C4ADC /* CurrentWeather.swift */ = {isa = PBXFileReference; fileEncoding = 4; lastKnownFileType = sourcecode.swift; path = CurrentWeather.swift; sourceTree = "<group>"; };
		83D64ECC1B83B26E0039248E /* NetworkOperation.swift */ = {isa = PBXFileReference; fileEncoding = 4; lastKnownFileType = sourcecode.swift; path = NetworkOperation.swift; sourceTree = "<group>"; };
		83D64ECE1B83BD4C0039248E /* ForecastService.swift */ = {isa = PBXFileReference; fileEncoding = 4; lastKnownFileType = sourcecode.swift; name = ForecastService.swift; path = ../ForecastService.swift; sourceTree = "<group>"; };
/* End PBXFileReference section */

/* Begin PBXFrameworksBuildPhase section */
		834855901B836B1A007C4ADC /* Frameworks */ = {
			isa = PBXFrameworksBuildPhase;
			buildActionMask = 2147483647;
			files = (
			);
			runOnlyForDeploymentPostprocessing = 0;
		};
		834855A51B836B1B007C4ADC /* Frameworks */ = {
			isa = PBXFrameworksBuildPhase;
			buildActionMask = 2147483647;
			files = (
			);
			runOnlyForDeploymentPostprocessing = 0;
		};
/* End PBXFrameworksBuildPhase section */

/* Begin PBXGroup section */
		8348558A1B836B1A007C4ADC = {
			isa = PBXGroup;
			children = (
				834855951B836B1A007C4ADC /* Stormy */,
				834855AB1B836B1B007C4ADC /* StormyTests */,
				834855941B836B1A007C4ADC /* Products */,
			);
			sourceTree = "<group>";
		};
		834855941B836B1A007C4ADC /* Products */ = {
			isa = PBXGroup;
			children = (
				834855931B836B1A007C4ADC /* Stormy.app */,
				834855A81B836B1B007C4ADC /* StormyTests.xctest */,
			);
			name = Products;
			sourceTree = "<group>";
		};
		834855951B836B1A007C4ADC /* Stormy */ = {
			isa = PBXGroup;
			children = (
				83D64ECE1B83BD4C0039248E /* ForecastService.swift */,
				834855EA1B836F07007C4ADC /* CurrentWeather.swift */,
				83D64ECC1B83B26E0039248E /* NetworkOperation.swift */,
				834855981B836B1A007C4ADC /* AppDelegate.swift */,
				8348559A1B836B1A007C4ADC /* ViewController.swift */,
				8348559C1B836B1A007C4ADC /* Main.storyboard */,
				8348559F1B836B1B007C4ADC /* Images.xcassets */,
				834855A11B836B1B007C4ADC /* LaunchScreen.xib */,
				834855961B836B1A007C4ADC /* Supporting Files */,
			);
			path = Stormy;
			sourceTree = "<group>";
		};
		834855961B836B1A007C4ADC /* Supporting Files */ = {
			isa = PBXGroup;
			children = (
				834855E81B836E77007C4ADC /* CurrentWeather.plist */,
				834855971B836B1A007C4ADC /* Info.plist */,
			);
			name = "Supporting Files";
			sourceTree = "<group>";
		};
		834855AB1B836B1B007C4ADC /* StormyTests */ = {
			isa = PBXGroup;
			children = (
				834855AE1B836B1B007C4ADC /* StormyTests.swift */,
				834855AC1B836B1B007C4ADC /* Supporting Files */,
			);
			path = StormyTests;
			sourceTree = "<group>";
		};
		834855AC1B836B1B007C4ADC /* Supporting Files */ = {
			isa = PBXGroup;
			children = (
				834855AD1B836B1B007C4ADC /* Info.plist */,
			);
			name = "Supporting Files";
			sourceTree = "<group>";
		};
/* End PBXGroup section */

/* Begin PBXNativeTarget section */
		834855921B836B1A007C4ADC /* Stormy */ = {
			isa = PBXNativeTarget;
			buildConfigurationList = 834855B21B836B1B007C4ADC /* Build configuration list for PBXNativeTarget "Stormy" */;
			buildPhases = (
				8348558F1B836B1A007C4ADC /* Sources */,
				834855901B836B1A007C4ADC /* Frameworks */,
				834855911B836B1A007C4ADC /* Resources */,
			);
			buildRules = (
			);
			dependencies = (
			);
			name = Stormy;
			productName = Stormy;
			productReference = 834855931B836B1A007C4ADC /* Stormy.app */;
			productType = "com.apple.product-type.application";
		};
		834855A71B836B1B007C4ADC /* StormyTests */ = {
			isa = PBXNativeTarget;
			buildConfigurationList = 834855B51B836B1B007C4ADC /* Build configuration list for PBXNativeTarget "StormyTests" */;
			buildPhases = (
				834855A41B836B1B007C4ADC /* Sources */,
				834855A51B836B1B007C4ADC /* Frameworks */,
				834855A61B836B1B007C4ADC /* Resources */,
			);
			buildRules = (
			);
			dependencies = (
				834855AA1B836B1B007C4ADC /* PBXTargetDependency */,
			);
			name = StormyTests;
			productName = StormyTests;
			productReference = 834855A81B836B1B007C4ADC /* StormyTests.xctest */;
			productType = "com.apple.product-type.bundle.unit-test";
		};
/* End PBXNativeTarget section */

/* Begin PBXProject section */
		8348558B1B836B1A007C4ADC /* Project object */ = {
			isa = PBXProject;
			attributes = {
				LastSwiftUpdateCheck = 0700;
				LastUpgradeCheck = 0640;
				ORGANIZATIONNAME = NordikLabs;
				TargetAttributes = {
					834855921B836B1A007C4ADC = {
						CreatedOnToolsVersion = 6.4;
					};
					834855A71B836B1B007C4ADC = {
						CreatedOnToolsVersion = 6.4;
						TestTargetID = 834855921B836B1A007C4ADC;
					};
				};
			};
			buildConfigurationList = 8348558E1B836B1A007C4ADC /* Build configuration list for PBXProject "Stormy" */;
			compatibilityVersion = "Xcode 3.2";
			developmentRegion = English;
			hasScannedForEncodings = 0;
			knownRegions = (
				en,
				Base,
			);
			mainGroup = 8348558A1B836B1A007C4ADC;
			productRefGroup = 834855941B836B1A007C4ADC /* Products */;
			projectDirPath = "";
			projectRoot = "";
			targets = (
				834855921B836B1A007C4ADC /* Stormy */,
				834855A71B836B1B007C4ADC /* StormyTests */,
			);
		};
/* End PBXProject section */

/* Begin PBXResourcesBuildPhase section */
		834855911B836B1A007C4ADC /* Resources */ = {
			isa = PBXResourcesBuildPhase;
			buildActionMask = 2147483647;
			files = (
				8348559E1B836B1A007C4ADC /* Main.storyboard in Resources */,
				834855E91B836E77007C4ADC /* CurrentWeather.plist in Resources */,
				834855A31B836B1B007C4ADC /* LaunchScreen.xib in Resources */,
				834855A01B836B1B007C4ADC /* Images.xcassets in Resources */,
			);
			runOnlyForDeploymentPostprocessing = 0;
		};
		834855A61B836B1B007C4ADC /* Resources */ = {
			isa = PBXResourcesBuildPhase;
			buildActionMask = 2147483647;
			files = (
			);
			runOnlyForDeploymentPostprocessing = 0;
		};
/* End PBXResourcesBuildPhase section */

/* Begin PBXSourcesBuildPhase section */
		8348558F1B836B1A007C4ADC /* Sources */ = {
			isa = PBXSourcesBuildPhase;
			buildActionMask = 2147483647;
			files = (
				83D64ECD1B83B26E0039248E /* NetworkOperation.swift in Sources */,
				8348559B1B836B1A007C4ADC /* ViewController.swift in Sources */,
				834855EB1B836F07007C4ADC /* CurrentWeather.swift in Sources */,
				83D64ECF1B83BD4C0039248E /* ForecastService.swift in Sources */,
				834855991B836B1A007C4ADC /* AppDelegate.swift in Sources */,
			);
			runOnlyForDeploymentPostprocessing = 0;
		};
		834855A41B836B1B007C4ADC /* Sources */ = {
			isa = PBXSourcesBuildPhase;
			buildActionMask = 2147483647;
			files = (
				834855AF1B836B1B007C4ADC /* StormyTests.swift in Sources */,
			);
			runOnlyForDeploymentPostprocessing = 0;
		};
/* End PBXSourcesBuildPhase section */

/* Begin PBXTargetDependency section */
		834855AA1B836B1B007C4ADC /* PBXTargetDependency */ = {
			isa = PBXTargetDependency;
			target = 834855921B836B1A007C4ADC /* Stormy */;
			targetProxy = 834855A91B836B1B007C4ADC /* PBXContainerItemProxy */;
		};
/* End PBXTargetDependency section */

/* Begin PBXVariantGroup section */
		8348559C1B836B1A007C4ADC /* Main.storyboard */ = {
			isa = PBXVariantGroup;
			children = (
				8348559D1B836B1A007C4ADC /* Base */,
			);
			name = Main.storyboard;
			sourceTree = "<group>";
		};
		834855A11B836B1B007C4ADC /* LaunchScreen.xib */ = {
			isa = PBXVariantGroup;
			children = (
				834855A21B836B1B007C4ADC /* Base */,
			);
			name = LaunchScreen.xib;
			sourceTree = "<group>";
		};
/* End PBXVariantGroup section */

/* Begin XCBuildConfiguration section */
		834855B01B836B1B007C4ADC /* Debug */ = {
			isa = XCBuildConfiguration;
			buildSettings = {
				ALWAYS_SEARCH_USER_PATHS = NO;
				CLANG_CXX_LANGUAGE_STANDARD = "gnu++0x";
				CLANG_CXX_LIBRARY = "libc++";
				CLANG_ENABLE_MODULES = YES;
				CLANG_ENABLE_OBJC_ARC = YES;
				CLANG_WARN_BOOL_CONVERSION = YES;
				CLANG_WARN_CONSTANT_CONVERSION = YES;
				CLANG_WARN_DIRECT_OBJC_ISA_USAGE = YES_ERROR;
				CLANG_WARN_EMPTY_BODY = YES;
				CLANG_WARN_ENUM_CONVERSION = YES;
				CLANG_WARN_INT_CONVERSION = YES;
				CLANG_WARN_OBJC_ROOT_CLASS = YES_ERROR;
				CLANG_WARN_UNREACHABLE_CODE = YES;
				CLANG_WARN__DUPLICATE_METHOD_MATCH = YES;
				"CODE_SIGN_IDENTITY[sdk=iphoneos*]" = "iPhone Developer";
				COPY_PHASE_STRIP = NO;
				DEBUG_INFORMATION_FORMAT = "dwarf-with-dsym";
				ENABLE_STRICT_OBJC_MSGSEND = YES;
				GCC_C_LANGUAGE_STANDARD = gnu99;
				GCC_DYNAMIC_NO_PIC = NO;
				GCC_NO_COMMON_BLOCKS = YES;
				GCC_OPTIMIZATION_LEVEL = 0;
				GCC_PREPROCESSOR_DEFINITIONS = (
					"DEBUG=1",
					"$(inherited)",
				);
				GCC_SYMBOLS_PRIVATE_EXTERN = NO;
				GCC_WARN_64_TO_32_BIT_CONVERSION = YES;
				GCC_WARN_ABOUT_RETURN_TYPE = YES_ERROR;
				GCC_WARN_UNDECLARED_SELECTOR = YES;
				GCC_WARN_UNINITIALIZED_AUTOS = YES_AGGRESSIVE;
				GCC_WARN_UNUSED_FUNCTION = YES;
				GCC_WARN_UNUSED_VARIABLE = YES;
				IPHONEOS_DEPLOYMENT_TARGET = 8.4;
				MTL_ENABLE_DEBUG_INFO = YES;
				ONLY_ACTIVE_ARCH = YES;
				SDKROOT = iphoneos;
				SWIFT_OPTIMIZATION_LEVEL = "-Onone";
			};
			name = Debug;
		};
		834855B11B836B1B007C4ADC /* Release */ = {
			isa = XCBuildConfiguration;
			buildSettings = {
				ALWAYS_SEARCH_USER_PATHS = NO;
				CLANG_CXX_LANGUAGE_STANDARD = "gnu++0x";
				CLANG_CXX_LIBRARY = "libc++";
				CLANG_ENABLE_MODULES = YES;
				CLANG_ENABLE_OBJC_ARC = YES;
				CLANG_WARN_BOOL_CONVERSION = YES;
				CLANG_WARN_CONSTANT_CONVERSION = YES;
				CLANG_WARN_DIRECT_OBJC_ISA_USAGE = YES_ERROR;
				CLANG_WARN_EMPTY_BODY = YES;
				CLANG_WARN_ENUM_CONVERSION = YES;
				CLANG_WARN_INT_CONVERSION = YES;
				CLANG_WARN_OBJC_ROOT_CLASS = YES_ERROR;
				CLANG_WARN_UNREACHABLE_CODE = YES;
				CLANG_WARN__DUPLICATE_METHOD_MATCH = YES;
				"CODE_SIGN_IDENTITY[sdk=iphoneos*]" = "iPhone Developer";
				COPY_PHASE_STRIP = NO;
				DEBUG_INFORMATION_FORMAT = "dwarf-with-dsym";
				ENABLE_NS_ASSERTIONS = NO;
				ENABLE_STRICT_OBJC_MSGSEND = YES;
				GCC_C_LANGUAGE_STANDARD = gnu99;
				GCC_NO_COMMON_BLOCKS = YES;
				GCC_WARN_64_TO_32_BIT_CONVERSION = YES;
				GCC_WARN_ABOUT_RETURN_TYPE = YES_ERROR;
				GCC_WARN_UNDECLARED_SELECTOR = YES;
				GCC_WARN_UNINITIALIZED_AUTOS = YES_AGGRESSIVE;
				GCC_WARN_UNUSED_FUNCTION = YES;
				GCC_WARN_UNUSED_VARIABLE = YES;
				IPHONEOS_DEPLOYMENT_TARGET = 8.4;
				MTL_ENABLE_DEBUG_INFO = NO;
				SDKROOT = iphoneos;
				VALIDATE_PRODUCT = YES;
			};
			name = Release;
		};
		834855B31B836B1B007C4ADC /* Debug */ = {
			isa = XCBuildConfiguration;
			buildSettings = {
				ASSETCATALOG_COMPILER_APPICON_NAME = AppIcon;
				INFOPLIST_FILE = Stormy/Info.plist;
				LD_RUNPATH_SEARCH_PATHS = "$(inherited) @executable_path/Frameworks";
				PRODUCT_NAME = "$(TARGET_NAME)";
			};
			name = Debug;
		};
		834855B41B836B1B007C4ADC /* Release */ = {
			isa = XCBuildConfiguration;
			buildSettings = {
				ASSETCATALOG_COMPILER_APPICON_NAME = AppIcon;
				INFOPLIST_FILE = Stormy/Info.plist;
				LD_RUNPATH_SEARCH_PATHS = "$(inherited) @executable_path/Frameworks";
				PRODUCT_NAME = "$(TARGET_NAME)";
			};
			name = Release;
		};
		834855B61B836B1B007C4ADC /* Debug */ = {
			isa = XCBuildConfiguration;
			buildSettings = {
				BUNDLE_LOADER = "$(TEST_HOST)";
				FRAMEWORK_SEARCH_PATHS = (
					"$(SDKROOT)/Developer/Library/Frameworks",
					"$(inherited)",
				);
				GCC_PREPROCESSOR_DEFINITIONS = (
					"DEBUG=1",
					"$(inherited)",
				);
				INFOPLIST_FILE = StormyTests/Info.plist;
				LD_RUNPATH_SEARCH_PATHS = "$(inherited) @executable_path/Frameworks @loader_path/Frameworks";
				PRODUCT_NAME = "$(TARGET_NAME)";
				TEST_HOST = "$(BUILT_PRODUCTS_DIR)/Stormy.app/Stormy";
			};
			name = Debug;
		};
		834855B71B836B1B007C4ADC /* Release */ = {
			isa = XCBuildConfiguration;
			buildSettings = {
				BUNDLE_LOADER = "$(TEST_HOST)";
				FRAMEWORK_SEARCH_PATHS = (
					"$(SDKROOT)/Developer/Library/Frameworks",
					"$(inherited)",
				);
				INFOPLIST_FILE = StormyTests/Info.plist;
				LD_RUNPATH_SEARCH_PATHS = "$(inherited) @executable_path/Frameworks @loader_path/Frameworks";
				PRODUCT_NAME = "$(TARGET_NAME)";
				TEST_HOST = "$(BUILT_PRODUCTS_DIR)/Stormy.app/Stormy";
			};
			name = Release;
		};
/* End XCBuildConfiguration section */

/* Begin XCConfigurationList section */
		8348558E1B836B1A007C4ADC /* Build configuration list for PBXProject "Stormy" */ = {
			isa = XCConfigurationList;
			buildConfigurations = (
				834855B01B836B1B007C4ADC /* Debug */,
				834855B11B836B1B007C4ADC /* Release */,
			);
			defaultConfigurationIsVisible = 0;
			defaultConfigurationName = Release;
		};
		834855B21B836B1B007C4ADC /* Build configuration list for PBXNativeTarget "Stormy" */ = {
			isa = XCConfigurationList;
			buildConfigurations = (
				834855B31B836B1B007C4ADC /* Debug */,
				834855B41B836B1B007C4ADC /* Release */,
			);
			defaultConfigurationIsVisible = 0;
			defaultConfigurationName = Release;
		};
		834855B51B836B1B007C4ADC /* Build configuration list for PBXNativeTarget "StormyTests" */ = {
			isa = XCConfigurationList;
			buildConfigurations = (
				834855B61B836B1B007C4ADC /* Debug */,
				834855B71B836B1B007C4ADC /* Release */,
			);
			defaultConfigurationIsVisible = 0;
			defaultConfigurationName = Release;
		};
/* End XCConfigurationList section */
	};
	rootObject = 8348558B1B836B1A007C4ADC /* Project object */;
}
